
Microsoft Visual Studio Solution File, Format Version 12.00
# Visual Studio 15
VisualStudioVersion = 15.0.28010.2050
MinimumVisualStudioVersion = 10.0.40219.1
Project("{FAE04EC0-301F-11D3-BF4B-00C04F79EFBC}") = "1,求交集LookingArrayIntersections", "LearningEveryDay_2\1,求交集LookingArrayIntersections.csproj", "{FD7A858A-0F46-4078-B007-9447DC47E151}"
EndProject
Project("{FAE04EC0-301F-11D3-BF4B-00C04F79EFBC}") = "1,快乐数HappyNumber", "HappyNumber\1,快乐数HappyNumber.csproj", "{A265008D-C2A7-4148-9211-B2C18C3B4B1A}"
EndProject
Project("{FAE04EC0-301F-11D3-BF4B-00C04F79EFBC}") = "1,宝石与石头GemsAndStones", "GemsAndStones\1,宝石与石头GemsAndStones.csproj", "{BBBADCC4-82F2-4885-8DB7-8C8A2CA10540}"
EndProject
Project("{FAE04EC0-301F-11D3-BF4B-00C04F79EFBC}") = "1,两数之和1-TwoSum", "TwoSum\1,两数之和1-TwoSum.csproj", "{6981DACB-F492-4673-ABFF-2CCFF30139B5}"
EndProject
Project("{FAE04EC0-301F-11D3-BF4B-00C04F79EFBC}") = "1,大小写转换709-CaseConversion", "CaseConversion\1,大小写转换709-CaseConversion.csproj", "{D4463DE3-747C-4ABD-8B77-4D8E36CDA935}"
EndProject
Project("{FAE04EC0-301F-11D3-BF4B-00C04F79EFBC}") = "2,链表删除237-ListDelete", "链表删除ListDelete\2,链表删除237-ListDelete.csproj", "{484B4BE4-483B-481B-AB52-5188055EDF6B}"
EndProject
Project("{FAE04EC0-301F-11D3-BF4B-00C04F79EFBC}") = "2,删除外层括号", "删除外层括号\2,删除外层括号.csproj", "{2C0CF1AE-58F6-40BE-B190-94CAA05CFDBF}"
EndProject
Project("{FAE04EC0-301F-11D3-BF4B-00C04F79EFBC}") = "2,最大二叉树654题", "最大二叉树654题\2,最大二叉树654题.csproj", "{5A7A8F06-7E4F-455E-94AB-73FD34F69F28}"
EndProject
Project("{FAE04EC0-301F-11D3-BF4B-00C04F79EFBC}") = "2,子集78-Subsets", "子集78-Subsets\2,子集78-Subsets.csproj", "{9DD1CD1C-A888-4117-8304-86E850BD2F56}"
EndProject
Project("{FAE04EC0-301F-11D3-BF4B-00C04F79EFBC}") = "两数相加2-AddTwoNumbers", "两数相加2-AddTwoNumbers\两数相加2-AddTwoNumbers.csproj", "{ED574E3A-3F95-444B-9237-8AA8F1BD7E4C}"
EndProject
Global
	GlobalSection(SolutionConfigurationPlatforms) = preSolution
		Debug|Any CPU = Debug|Any CPU
		Release|Any CPU = Release|Any CPU
	EndGlobalSection
	GlobalSection(ProjectConfigurationPlatforms) = postSolution
		{FD7A858A-0F46-4078-B007-9447DC47E151}.Debug|Any CPU.ActiveCfg = Debug|Any CPU
		{FD7A858A-0F46-4078-B007-9447DC47E151}.Debug|Any CPU.Build.0 = Debug|Any CPU
		{FD7A858A-0F46-4078-B007-9447DC47E151}.Release|Any CPU.ActiveCfg = Release|Any CPU
		{FD7A858A-0F46-4078-B007-9447DC47E151}.Release|Any CPU.Build.0 = Release|Any CPU
		{A265008D-C2A7-4148-9211-B2C18C3B4B1A}.Debug|Any CPU.ActiveCfg = Debug|Any CPU
		{A265008D-C2A7-4148-9211-B2C18C3B4B1A}.Debug|Any CPU.Build.0 = Debug|Any CPU
		{A265008D-C2A7-4148-9211-B2C18C3B4B1A}.Release|Any CPU.ActiveCfg = Release|Any CPU
		{A265008D-C2A7-4148-9211-B2C18C3B4B1A}.Release|Any CPU.Build.0 = Release|Any CPU
		{BBBADCC4-82F2-4885-8DB7-8C8A2CA10540}.Debug|Any CPU.ActiveCfg = Debug|Any CPU
		{BBBADCC4-82F2-4885-8DB7-8C8A2CA10540}.Debug|Any CPU.Build.0 = Debug|Any CPU
		{BBBADCC4-82F2-4885-8DB7-8C8A2CA10540}.Release|Any CPU.ActiveCfg = Release|Any CPU
		{BBBADCC4-82F2-4885-8DB7-8C8A2CA10540}.Release|Any CPU.Build.0 = Release|Any CPU
		{6981DACB-F492-4673-ABFF-2CCFF30139B5}.Debug|Any CPU.ActiveCfg = Debug|Any CPU
		{6981DACB-F492-4673-ABFF-2CCFF30139B5}.Debug|Any CPU.Build.0 = Debug|Any CPU
		{6981DACB-F492-4673-ABFF-2CCFF30139B5}.Release|Any CPU.ActiveCfg = Release|Any CPU
		{6981DACB-F492-4673-ABFF-2CCFF30139B5}.Release|Any CPU.Build.0 = Release|Any CPU
		{D4463DE3-747C-4ABD-8B77-4D8E36CDA935}.Debug|Any CPU.ActiveCfg = Debug|Any CPU
		{D4463DE3-747C-4ABD-8B77-4D8E36CDA935}.Debug|Any CPU.Build.0 = Debug|Any CPU
		{D4463DE3-747C-4ABD-8B77-4D8E36CDA935}.Release|Any CPU.ActiveCfg = Release|Any CPU
		{D4463DE3-747C-4ABD-8B77-4D8E36CDA935}.Release|Any CPU.Build.0 = Release|Any CPU
		{484B4BE4-483B-481B-AB52-5188055EDF6B}.Debug|Any CPU.ActiveCfg = Debug|Any CPU
		{484B4BE4-483B-481B-AB52-5188055EDF6B}.Debug|Any CPU.Build.0 = Debug|Any CPU
		{484B4BE4-483B-481B-AB52-5188055EDF6B}.Release|Any CPU.ActiveCfg = Release|Any CPU
		{484B4BE4-483B-481B-AB52-5188055EDF6B}.Release|Any CPU.Build.0 = Release|Any CPU
		{2C0CF1AE-58F6-40BE-B190-94CAA05CFDBF}.Debug|Any CPU.ActiveCfg = Debug|Any CPU
		{2C0CF1AE-58F6-40BE-B190-94CAA05CFDBF}.Debug|Any CPU.Build.0 = Debug|Any CPU
		{2C0CF1AE-58F6-40BE-B190-94CAA05CFDBF}.Release|Any CPU.ActiveCfg = Release|Any CPU
		{2C0CF1AE-58F6-40BE-B190-94CAA05CFDBF}.Release|Any CPU.Build.0 = Release|Any CPU
		{5A7A8F06-7E4F-455E-94AB-73FD34F69F28}.Debug|Any CPU.ActiveCfg = Debug|Any CPU
		{5A7A8F06-7E4F-455E-94AB-73FD34F69F28}.Debug|Any CPU.Build.0 = Debug|Any CPU
		{5A7A8F06-7E4F-455E-94AB-73FD34F69F28}.Release|Any CPU.ActiveCfg = Release|Any CPU
		{5A7A8F06-7E4F-455E-94AB-73FD34F69F28}.Release|Any CPU.Build.0 = Release|Any CPU
		{9DD1CD1C-A888-4117-8304-86E850BD2F56}.Debug|Any CPU.ActiveCfg = Debug|Any CPU
		{9DD1CD1C-A888-4117-8304-86E850BD2F56}.Debug|Any CPU.Build.0 = Debug|Any CPU
		{9DD1CD1C-A888-4117-8304-86E850BD2F56}.Release|Any CPU.ActiveCfg = Release|Any CPU
		{9DD1CD1C-A888-4117-8304-86E850BD2F56}.Release|Any CPU.Build.0 = Release|Any CPU
		{ED574E3A-3F95-444B-9237-8AA8F1BD7E4C}.Debug|Any CPU.ActiveCfg = Debug|Any CPU
		{ED574E3A-3F95-444B-9237-8AA8F1BD7E4C}.Debug|Any CPU.Build.0 = Debug|Any CPU
		{ED574E3A-3F95-444B-9237-8AA8F1BD7E4C}.Release|Any CPU.ActiveCfg = Release|Any CPU
		{ED574E3A-3F95-444B-9237-8AA8F1BD7E4C}.Release|Any CPU.Build.0 = Release|Any CPU
	EndGlobalSection
	GlobalSection(SolutionProperties) = preSolution
		HideSolutionNode = FALSE
	EndGlobalSection
	GlobalSection(ExtensibilityGlobals) = postSolution
		SolutionGuid = {B5DE86E1-C899-4957-8900-9E1FB10B7E8F}
	EndGlobalSection
EndGlobal
