
Microsoft Visual Studio Solution File, Format Version 12.00
# Visual Studio 15
VisualStudioVersion = 15.0.28010.2050
MinimumVisualStudioVersion = 10.0.40219.1
Project("{FAE04EC0-301F-11D3-BF4B-00C04F79EFBC}") = "1，求交集-349", "LearningEveryDay_2\1，求交集-349.csproj", "{FD7A858A-0F46-4078-B007-9447DC47E151}"
EndProject
Project("{FAE04EC0-301F-11D3-BF4B-00C04F79EFBC}") = "1，快乐数-202", "HappyNumber\1，快乐数-202.csproj", "{A265008D-C2A7-4148-9211-B2C18C3B4B1A}"
EndProject
Project("{FAE04EC0-301F-11D3-BF4B-00C04F79EFBC}") = "1，宝石与石头-771", "GemsAndStones\1，宝石与石头-771.csproj", "{BBBADCC4-82F2-4885-8DB7-8C8A2CA10540}"
EndProject
Project("{FAE04EC0-301F-11D3-BF4B-00C04F79EFBC}") = "1，两数之和-1", "TwoSum\1，两数之和-1.csproj", "{6981DACB-F492-4673-ABFF-2CCFF30139B5}"
EndProject
Project("{FAE04EC0-301F-11D3-BF4B-00C04F79EFBC}") = "1，大小写转换-709", "CaseConversion\1，大小写转换-709.csproj", "{D4463DE3-747C-4ABD-8B77-4D8E36CDA935}"
EndProject
Project("{FAE04EC0-301F-11D3-BF4B-00C04F79EFBC}") = "2，链表删除-237", "链表删除ListDelete\2，链表删除-237.csproj", "{484B4BE4-483B-481B-AB52-5188055EDF6B}"
EndProject
Project("{FAE04EC0-301F-11D3-BF4B-00C04F79EFBC}") = "2，删除外层括号-1021", "删除外层括号\2，删除外层括号-1021.csproj", "{2C0CF1AE-58F6-40BE-B190-94CAA05CFDBF}"
EndProject
Project("{FAE04EC0-301F-11D3-BF4B-00C04F79EFBC}") = "2，最大二叉树-654", "最大二叉树654题\2，最大二叉树-654.csproj", "{5A7A8F06-7E4F-455E-94AB-73FD34F69F28}"
EndProject
Project("{FAE04EC0-301F-11D3-BF4B-00C04F79EFBC}") = "2，两数相加-2", "两数相加2-AddTwoNumbers\2，两数相加-2.csproj", "{ED574E3A-3F95-444B-9237-8AA8F1BD7E4C}"
EndProject
Project("{FAE04EC0-301F-11D3-BF4B-00C04F79EFBC}") = "2，有序数组的平方-977", "2有序数组的平方977\2，有序数组的平方-977.csproj", "{3BE5F96E-542D-47BD-AB8F-0F679816774F}"
EndProject
Project("{FAE04EC0-301F-11D3-BF4B-00C04F79EFBC}") = "2，两个有序数组的中位数-4", "2，两个有序数组的中位数\2，两个有序数组的中位数-4.csproj", "{5CA2DC9D-54BB-4F6D-90AD-56C2C3949D97}"
EndProject
Project("{FAE04EC0-301F-11D3-BF4B-00C04F79EFBC}") = "2，无重复字符的最长子串", "2，无重复字符的最长子串\2，无重复字符的最长子串.csproj", "{2AC3A8B4-999C-48BF-8421-15C9F00A5A0C}"
EndProject
Project("{FAE04EC0-301F-11D3-BF4B-00C04F79EFBC}") = "2，最长的回文子串 -5", "5，最长的回文子串\2，最长的回文子串 -5.csproj", "{E28DDD76-4F26-453A-A54F-04A64B7DA349}"
EndProject
Project("{FAE04EC0-301F-11D3-BF4B-00C04F79EFBC}") = "3，链表-栈的实现", "3，栈的实现\3，链表-栈的实现.csproj", "{1FF41DD3-B3FB-4EED-9EAB-8C4ED4DCAA3D}"
EndProject
Project("{FAE04EC0-301F-11D3-BF4B-00C04F79EFBC}") = "3，两数相除-29", "3，两数相除\3，两数相除-29.csproj", "{9185542B-E443-4D37-8AD7-4F5E2D8EBB23}"
EndProject
Global
	GlobalSection(SolutionConfigurationPlatforms) = preSolution
		Debug|Any CPU = Debug|Any CPU
		Release|Any CPU = Release|Any CPU
	EndGlobalSection
	GlobalSection(ProjectConfigurationPlatforms) = postSolution
		{FD7A858A-0F46-4078-B007-9447DC47E151}.Debug|Any CPU.ActiveCfg = Debug|Any CPU
		{FD7A858A-0F46-4078-B007-9447DC47E151}.Debug|Any CPU.Build.0 = Debug|Any CPU
		{FD7A858A-0F46-4078-B007-9447DC47E151}.Release|Any CPU.ActiveCfg = Release|Any CPU
		{FD7A858A-0F46-4078-B007-9447DC47E151}.Release|Any CPU.Build.0 = Release|Any CPU
		{A265008D-C2A7-4148-9211-B2C18C3B4B1A}.Debug|Any CPU.ActiveCfg = Debug|Any CPU
		{A265008D-C2A7-4148-9211-B2C18C3B4B1A}.Debug|Any CPU.Build.0 = Debug|Any CPU
		{A265008D-C2A7-4148-9211-B2C18C3B4B1A}.Release|Any CPU.ActiveCfg = Release|Any CPU
		{A265008D-C2A7-4148-9211-B2C18C3B4B1A}.Release|Any CPU.Build.0 = Release|Any CPU
		{BBBADCC4-82F2-4885-8DB7-8C8A2CA10540}.Debug|Any CPU.ActiveCfg = Debug|Any CPU
		{BBBADCC4-82F2-4885-8DB7-8C8A2CA10540}.Debug|Any CPU.Build.0 = Debug|Any CPU
		{BBBADCC4-82F2-4885-8DB7-8C8A2CA10540}.Release|Any CPU.ActiveCfg = Release|Any CPU
		{BBBADCC4-82F2-4885-8DB7-8C8A2CA10540}.Release|Any CPU.Build.0 = Release|Any CPU
		{6981DACB-F492-4673-ABFF-2CCFF30139B5}.Debug|Any CPU.ActiveCfg = Debug|Any CPU
		{6981DACB-F492-4673-ABFF-2CCFF30139B5}.Debug|Any CPU.Build.0 = Debug|Any CPU
		{6981DACB-F492-4673-ABFF-2CCFF30139B5}.Release|Any CPU.ActiveCfg = Release|Any CPU
		{6981DACB-F492-4673-ABFF-2CCFF30139B5}.Release|Any CPU.Build.0 = Release|Any CPU
		{D4463DE3-747C-4ABD-8B77-4D8E36CDA935}.Debug|Any CPU.ActiveCfg = Debug|Any CPU
		{D4463DE3-747C-4ABD-8B77-4D8E36CDA935}.Debug|Any CPU.Build.0 = Debug|Any CPU
		{D4463DE3-747C-4ABD-8B77-4D8E36CDA935}.Release|Any CPU.ActiveCfg = Release|Any CPU
		{D4463DE3-747C-4ABD-8B77-4D8E36CDA935}.Release|Any CPU.Build.0 = Release|Any CPU
		{484B4BE4-483B-481B-AB52-5188055EDF6B}.Debug|Any CPU.ActiveCfg = Debug|Any CPU
		{484B4BE4-483B-481B-AB52-5188055EDF6B}.Debug|Any CPU.Build.0 = Debug|Any CPU
		{484B4BE4-483B-481B-AB52-5188055EDF6B}.Release|Any CPU.ActiveCfg = Release|Any CPU
		{484B4BE4-483B-481B-AB52-5188055EDF6B}.Release|Any CPU.Build.0 = Release|Any CPU
		{2C0CF1AE-58F6-40BE-B190-94CAA05CFDBF}.Debug|Any CPU.ActiveCfg = Debug|Any CPU
		{2C0CF1AE-58F6-40BE-B190-94CAA05CFDBF}.Debug|Any CPU.Build.0 = Debug|Any CPU
		{2C0CF1AE-58F6-40BE-B190-94CAA05CFDBF}.Release|Any CPU.ActiveCfg = Release|Any CPU
		{2C0CF1AE-58F6-40BE-B190-94CAA05CFDBF}.Release|Any CPU.Build.0 = Release|Any CPU
		{5A7A8F06-7E4F-455E-94AB-73FD34F69F28}.Debug|Any CPU.ActiveCfg = Debug|Any CPU
		{5A7A8F06-7E4F-455E-94AB-73FD34F69F28}.Debug|Any CPU.Build.0 = Debug|Any CPU
		{5A7A8F06-7E4F-455E-94AB-73FD34F69F28}.Release|Any CPU.ActiveCfg = Release|Any CPU
		{5A7A8F06-7E4F-455E-94AB-73FD34F69F28}.Release|Any CPU.Build.0 = Release|Any CPU
		{ED574E3A-3F95-444B-9237-8AA8F1BD7E4C}.Debug|Any CPU.ActiveCfg = Debug|Any CPU
		{ED574E3A-3F95-444B-9237-8AA8F1BD7E4C}.Debug|Any CPU.Build.0 = Debug|Any CPU
		{ED574E3A-3F95-444B-9237-8AA8F1BD7E4C}.Release|Any CPU.ActiveCfg = Release|Any CPU
		{ED574E3A-3F95-444B-9237-8AA8F1BD7E4C}.Release|Any CPU.Build.0 = Release|Any CPU
		{3BE5F96E-542D-47BD-AB8F-0F679816774F}.Debug|Any CPU.ActiveCfg = Debug|Any CPU
		{3BE5F96E-542D-47BD-AB8F-0F679816774F}.Debug|Any CPU.Build.0 = Debug|Any CPU
		{3BE5F96E-542D-47BD-AB8F-0F679816774F}.Release|Any CPU.ActiveCfg = Release|Any CPU
		{3BE5F96E-542D-47BD-AB8F-0F679816774F}.Release|Any CPU.Build.0 = Release|Any CPU
		{5CA2DC9D-54BB-4F6D-90AD-56C2C3949D97}.Debug|Any CPU.ActiveCfg = Debug|Any CPU
		{5CA2DC9D-54BB-4F6D-90AD-56C2C3949D97}.Debug|Any CPU.Build.0 = Debug|Any CPU
		{5CA2DC9D-54BB-4F6D-90AD-56C2C3949D97}.Release|Any CPU.ActiveCfg = Release|Any CPU
		{5CA2DC9D-54BB-4F6D-90AD-56C2C3949D97}.Release|Any CPU.Build.0 = Release|Any CPU
		{2AC3A8B4-999C-48BF-8421-15C9F00A5A0C}.Debug|Any CPU.ActiveCfg = Debug|Any CPU
		{2AC3A8B4-999C-48BF-8421-15C9F00A5A0C}.Debug|Any CPU.Build.0 = Debug|Any CPU
		{2AC3A8B4-999C-48BF-8421-15C9F00A5A0C}.Release|Any CPU.ActiveCfg = Release|Any CPU
		{2AC3A8B4-999C-48BF-8421-15C9F00A5A0C}.Release|Any CPU.Build.0 = Release|Any CPU
		{E28DDD76-4F26-453A-A54F-04A64B7DA349}.Debug|Any CPU.ActiveCfg = Debug|Any CPU
		{E28DDD76-4F26-453A-A54F-04A64B7DA349}.Debug|Any CPU.Build.0 = Debug|Any CPU
		{E28DDD76-4F26-453A-A54F-04A64B7DA349}.Release|Any CPU.ActiveCfg = Release|Any CPU
		{E28DDD76-4F26-453A-A54F-04A64B7DA349}.Release|Any CPU.Build.0 = Release|Any CPU
		{1FF41DD3-B3FB-4EED-9EAB-8C4ED4DCAA3D}.Debug|Any CPU.ActiveCfg = Debug|Any CPU
		{1FF41DD3-B3FB-4EED-9EAB-8C4ED4DCAA3D}.Debug|Any CPU.Build.0 = Debug|Any CPU
		{1FF41DD3-B3FB-4EED-9EAB-8C4ED4DCAA3D}.Release|Any CPU.ActiveCfg = Release|Any CPU
		{1FF41DD3-B3FB-4EED-9EAB-8C4ED4DCAA3D}.Release|Any CPU.Build.0 = Release|Any CPU
		{9185542B-E443-4D37-8AD7-4F5E2D8EBB23}.Debug|Any CPU.ActiveCfg = Debug|Any CPU
		{9185542B-E443-4D37-8AD7-4F5E2D8EBB23}.Debug|Any CPU.Build.0 = Debug|Any CPU
		{9185542B-E443-4D37-8AD7-4F5E2D8EBB23}.Release|Any CPU.ActiveCfg = Release|Any CPU
		{9185542B-E443-4D37-8AD7-4F5E2D8EBB23}.Release|Any CPU.Build.0 = Release|Any CPU
	EndGlobalSection
	GlobalSection(SolutionProperties) = preSolution
		HideSolutionNode = FALSE
	EndGlobalSection
	GlobalSection(ExtensibilityGlobals) = postSolution
		SolutionGuid = {B5DE86E1-C899-4957-8900-9E1FB10B7E8F}
	EndGlobalSection
EndGlobal
